<?xml version="1.0" encoding="utf-8"?>
<Project ToolsVersion="4.0" xmlns="http://schemas.microsoft.com/developer/msbuild/2003">
  <ItemGroup>
    <ClCompile Include="Src\Camera\Camera.cpp" />
    <ClCompile Include="Src\Engine\Fbx\FbxDrawer.cpp" />
    <ClCompile Include="Src\Engine\Fbx\FbxLoader.cpp" />
    <ClCompile Include="Src\Engine\Fbx\FbxManager.cpp" />
    <ClCompile Include="Src\Engine\Graphics\DirectGraphics.cpp" />
    <ClCompile Include="Src\Engine\Input\Controller\GameButton.cpp" />
    <ClCompile Include="Src\Engine\Input\Controller\GameController.cpp" />
    <ClCompile Include="Src\Engine\Input\InputManager.cpp" />
    <ClCompile Include="Src\Engine\Texture\Texture.cpp" />
    <ClCompile Include="Src\Engine\Window\Window.cpp" />
    <ClCompile Include="Src\Main.cpp" />
    <ClCompile Include="Src\Manager\ObjectManager.cpp" />
    <ClCompile Include="Src\ObjectBase\Character\Character.cpp" />
    <ClCompile Include="Src\ObjectBase\Character\EnemyBase\Ebiten\Ebiten.cpp" />
    <ClCompile Include="Src\ObjectBase\Character\EnemyBase\EnemyBase.cpp" />
    <ClCompile Include="Src\ObjectBase\Character\EnemyBase\Ikaten\Ikaten.cpp" />
    <ClCompile Include="Src\ObjectBase\Character\EnemyBase\Kabochaten\Kabochaten.cpp" />
    <ClCompile Include="Src\ObjectBase\Character\EnemyBase\Sitaketen\Sitaketen.cpp" />
    <ClCompile Include="Src\ObjectBase\Character\EnemyBase\Tikuwaten\Tikuwaten.cpp" />
    <ClCompile Include="Src\ObjectBase\Character\Player\Player.cpp" />
    <ClCompile Include="Src\ObjectBase\EffectBase\EffectBase.cpp" />
    <ClCompile Include="Src\ObjectBase\MapObject\Barrel\Barrel.cpp" />
    <ClCompile Include="Src\ObjectBase\MapObject\Floor\Floor.cpp" />
    <ClCompile Include="Src\ObjectBase\MapObject\Gate\Gate.cpp" />
    <ClCompile Include="Src\ObjectBase\MapObject\MapObject.cpp" />
    <ClCompile Include="Src\ObjectBase\MapObject\Merrygoland\Merrygoland.cpp" />
    <ClCompile Include="Src\ObjectBase\MapObject\Mountain\Mountain.cpp" />
    <ClCompile Include="Src\ObjectBase\MapObject\Skydome\Skydome.cpp" />
    <ClCompile Include="Src\ObjectBase\MapObject\Tent\Tent.cpp" />
    <ClCompile Include="Src\ObjectBase\MapObject\Vending_Machine\Vending_Machine_Blue.cpp" />
    <ClCompile Include="Src\ObjectBase\MapObject\Vending_Machine\Vending_Machine_Red.cpp" />
    <ClCompile Include="Src\ObjectBase\MapObject\Wall\Wall.cpp" />
    <ClCompile Include="Src\ObjectBase\ObjectBase.cpp" />
    <ClCompile Include="Src\Utility\3DHelper.cpp" />
    <ClCompile Include="Src\Scene\SceneManager.cpp">
      <Filter>Scene</Filter>
    </ClCompile>
    <ClCompile Include="Src\Scene\TitleScene.cpp">
      <Filter>Scene</Filter>
    </ClCompile>
    <ClCompile Include="Src\Scene\PauseScene.cpp">
      <Filter>Scene</Filter>
    </ClCompile>
    <ClCompile Include="Src\Scene\OpeningScene.cpp">
      <Filter>Scene</Filter>
    </ClCompile>
    <ClCompile Include="Src\Scene\GameScene.cpp">
      <Filter>Scene</Filter>
    </ClCompile>
    <ClCompile Include="Src\Scene\GameoverScene.cpp">
      <Filter>Scene</Filter>
    </ClCompile>
    <ClCompile Include="Src\Scene\ConfigScene.cpp">
      <Filter>Scene</Filter>
    </ClCompile>
    <ClCompile Include="Src\Scene\ClearScene.cpp">
      <Filter>Scene</Filter>
    </ClCompile>
    <ClCompile Include="Src\Engine\Fbx\FbxMotion.cpp" />
    <ClCompile Include="Src\Collision\Collision.cpp" />
    <ClCompile Include="Src\Engine\Font\Font.cpp" />
  </ItemGroup>
  <ItemGroup>
    <ClInclude Include="Src\Camera\Camera.h" />
    <ClInclude Include="Src\Engine\Fbx\FbxDrawer.h" />
    <ClInclude Include="Src\Engine\Fbx\FbxLoader.h" />
    <ClInclude Include="Src\Engine\Fbx\FbxManager.h" />
    <ClInclude Include="Src\Engine\Graphics\DirectGraphics.h" />
    <ClInclude Include="Src\Engine\Input\Controller\GameButton.h" />
    <ClInclude Include="Src\Engine\Input\Controller\GameController.h" />
    <ClInclude Include="Src\Engine\Input\InputManager.h" />
    <ClInclude Include="Src\Engine\Texture\Texture.h" />
    <ClInclude Include="Src\Engine\Window\Window.h" />
    <ClInclude Include="Src\Manager\ObjectManager.h" />
    <ClInclude Include="Src\ObjectBase\Character\Character.h" />
    <ClInclude Include="Src\ObjectBase\Character\EnemyBase\Ebiten\Ebiten.h" />
    <ClInclude Include="Src\ObjectBase\Character\EnemyBase\EnemyBase.h" />
    <ClInclude Include="Src\ObjectBase\Character\EnemyBase\Ikaten\Ikaten.h" />
    <ClInclude Include="Src\ObjectBase\Character\EnemyBase\Kabochaten\Kabochaten.h" />
    <ClInclude Include="Src\ObjectBase\Character\EnemyBase\Sitaketen\Sitaketen.h" />
    <ClInclude Include="Src\ObjectBase\Character\EnemyBase\Tikuwaten\Tikuwaten.h" />
    <ClInclude Include="Src\ObjectBase\Character\Player\Player.h" />
    <ClInclude Include="Src\ObjectBase\EffectBase\EffectBase.h" />
    <ClInclude Include="Src\ObjectBase\MapObject\Barrel\Barrel.h" />
    <ClInclude Include="Src\ObjectBase\MapObject\Floor\Floor.h" />
    <ClInclude Include="Src\ObjectBase\MapObject\Gate\Gate.h" />
    <ClInclude Include="Src\ObjectBase\MapObject\MapObject.h" />
    <ClInclude Include="Src\ObjectBase\MapObject\Merrygoland\Merrygoland.h" />
    <ClInclude Include="Src\ObjectBase\MapObject\Mountain\Mountain.h" />
    <ClInclude Include="Src\ObjectBase\MapObject\Skydome\Skydome.h" />
    <ClInclude Include="Src\ObjectBase\MapObject\Tent\Tent.h" />
    <ClInclude Include="Src\ObjectBase\MapObject\Vending_Machine\Vending_Machine_Blue.h" />
    <ClInclude Include="Src\ObjectBase\MapObject\Vending_Machine\Vending_Machine_Red.h" />
    <ClInclude Include="Src\ObjectBase\MapObject\Wall\Wall.h" />
    <ClInclude Include="Src\ObjectBase\ObjectBase.h" />
    <ClInclude Include="Src\Utility\3DHelper.h" />
    <ClInclude Include="Src\Utility\SingletonTemplate.h" />
    <ClInclude Include="Src\Scene\ClearScene.h">
      <Filter>Scene</Filter>
    </ClInclude>
    <ClInclude Include="Src\Scene\ConfigScene.h">
      <Filter>Scene</Filter>
    </ClInclude>
    <ClInclude Include="Src\Scene\GameoverScene.h">
      <Filter>Scene</Filter>
    </ClInclude>
    <ClInclude Include="Src\Scene\GameScene.h">
      <Filter>Scene</Filter>
    </ClInclude>
    <ClInclude Include="Src\Scene\OpeningScene.h">
      <Filter>Scene</Filter>
    </ClInclude>
    <ClInclude Include="Src\Scene\PauseScene.h">
      <Filter>Scene</Filter>
    </ClInclude>
    <ClInclude Include="Src\Scene\Scene.h">
      <Filter>Scene</Filter>
    </ClInclude>
    <ClInclude Include="Src\Scene\SceneChanger.h">
      <Filter>Scene</Filter>
    </ClInclude>
    <ClInclude Include="Src\Scene\SceneDefinition.h">
      <Filter>Scene</Filter>
    </ClInclude>
    <ClInclude Include="Src\Scene\SceneManager.h">
      <Filter>Scene</Filter>
    </ClInclude>
    <ClInclude Include="Src\Scene\TitleScene.h">
      <Filter>Scene</Filter>
    </ClInclude>
    <ClInclude Include="Src\Engine\Fbx\FbxMotion.h" />
    <ClInclude Include="Src\Collision\Collision.h" />
    <ClInclude Include="Src\Collision\Shape\AABB.h" />
    <ClInclude Include="Src\Collision\Shape\Cylinder.h" />
    <ClInclude Include="Src\Collision\Shape\Shape.h" />
    <ClInclude Include="Src\Collision\Shape\Point.h" />
    <ClInclude Include="Src\Collision\Shape\Rect.h" />
    <ClInclude Include="Src\Collision\FlexibleCollision.h" />
    <ClInclude Include="Src\Engine\Font\Font.h" />
  </ItemGroup>
  <ItemGroup>
    <Filter Include="Scene">
      <UniqueIdentifier>{0c445dac-2d3a-4e8c-829c-c875627e46de}</UniqueIdentifier>
    </Filter>
  </ItemGroup>
</Project>