<?xml version="1.0" encoding="utf-8"?>
<Project ToolsVersion="4.0" xmlns="http://schemas.microsoft.com/developer/msbuild/2003">
  <ItemGroup>
    <ClCompile Include="Src\Camera\Camera.cpp" />
    <ClCompile Include="Src\Engine\Fbx\FbxDrawer.cpp" />
    <ClCompile Include="Src\Engine\Fbx\FbxLoader.cpp" />
    <ClCompile Include="Src\Engine\Fbx\FbxManager.cpp" />
    <ClCompile Include="Src\Engine\Graphics\DirectGraphics.cpp" />
    <ClCompile Include="Src\Engine\Input\Controller\GameButton.cpp" />
    <ClCompile Include="Src\Engine\Input\Controller\GameController.cpp" />
    <ClCompile Include="Src\Engine\Input\InputManager.cpp" />
    <ClCompile Include="Src\Engine\Texture\Texture.cpp" />
    <ClCompile Include="Src\Engine\Window\Window.cpp" />
    <ClCompile Include="Src\Main.cpp" />
    <ClCompile Include="Src\Manager\ObjectManager.cpp" />
    <ClCompile Include="Src\ObjectBase\Character\EnemyBase\Ebiten\Ebiten.cpp" />
    <ClCompile Include="Src\ObjectBase\Character\EnemyBase\EnemyBase.cpp" />
    <ClCompile Include="Src\ObjectBase\Character\EnemyBase\Ikaten\Ikaten.cpp" />
    <ClCompile Include="Src\ObjectBase\Character\EnemyBase\Kabochaten\Kabochaten.cpp" />
    <ClCompile Include="Src\ObjectBase\Character\EnemyBase\Sitaketen\Sitaketen.cpp" />
    <ClCompile Include="Src\ObjectBase\Character\EnemyBase\Tikuwaten\Tikuwaten.cpp" />
    <ClCompile Include="Src\ObjectBase\Character\Player\Player.cpp" />
    <ClCompile Include="Src\ObjectBase\MapObject\Barrel\Barrel.cpp" />
    <ClCompile Include="Src\ObjectBase\MapObject\Floor\Floor.cpp" />
    <ClCompile Include="Src\ObjectBase\MapObject\Gate\Gate.cpp" />
    <ClCompile Include="Src\ObjectBase\MapObject\Merrygoland\Merrygoland.cpp" />
    <ClCompile Include="Src\ObjectBase\MapObject\Mountain\Mountain.cpp" />
    <ClCompile Include="Src\ObjectBase\MapObject\Skydome\Skydome.cpp" />
    <ClCompile Include="Src\ObjectBase\MapObject\Tent\Tent.cpp" />
    <ClCompile Include="Src\ObjectBase\MapObject\Wall\Wall.cpp" />
    <ClCompile Include="Src\Utility\3DHelper.cpp" />
    <ClCompile Include="Src\Scene\SceneManager.cpp">
      <Filter>Scene</Filter>
    </ClCompile>
    <ClCompile Include="Src\Scene\TitleScene.cpp">
      <Filter>Scene</Filter>
    </ClCompile>
    <ClCompile Include="Src\Scene\PauseScene.cpp">
      <Filter>Scene</Filter>
    </ClCompile>
    <ClCompile Include="Src\Scene\OpeningScene.cpp">
      <Filter>Scene</Filter>
    </ClCompile>
    <ClCompile Include="Src\Scene\GameScene.cpp">
      <Filter>Scene</Filter>
    </ClCompile>
    <ClCompile Include="Src\Scene\GameoverScene.cpp">
      <Filter>Scene</Filter>
    </ClCompile>
    <ClCompile Include="Src\Scene\ConfigScene.cpp">
      <Filter>Scene</Filter>
    </ClCompile>
    <ClCompile Include="Src\Scene\ClearScene.cpp">
      <Filter>Scene</Filter>
    </ClCompile>
    <ClCompile Include="Src\Collision\Collision.cpp" />
    <ClCompile Include="Src\Engine\Font\Font.cpp" />
    <ClCompile Include="Src\UI\TitleUI\TitleUI.cpp" />
    <ClCompile Include="Src\ExternalFle\Csv\Csv.cpp" />
    <ClCompile Include="Src\ObjectBase\MapObject\MapDataBank.cpp" />
    <ClCompile Include="Src\ObjectBase\MapObject\Tree\Tree.cpp" />
    <ClCompile Include="Src\ObjectBase\MapObject\Sapling_Small\SaplingSmall.cpp" />
    <ClCompile Include="Src\ObjectBase\MapObject\Sapling_Big\SaplingBig.cpp" />
    <ClCompile Include="Src\ObjectBase\MapObject\Ferris_Wheel\FerrisWheel.cpp" />
    <ClCompile Include="Src\ObjectBase\MapObject\Shrimp_Statue\ShrimpStatue.cpp" />
    <ClCompile Include="Src\UI\GameOverUI\GameOverUI.cpp" />
    <ClCompile Include="Src\UI\ConfigUI\ConfigUI.cpp" />
    <ClCompile Include="Src\UI\PauseUI\PauseUI.cpp" />
    <ClCompile Include="Src\Collision\FlexibleCollision.cpp" />
    <ClCompile Include="Src\Scene\DebugScene.cpp" />
    <ClCompile Include="Src\NavigationAI\MovingPathCreator.cpp" />
    <ClCompile Include="Src\NavigationAI\NavigationAI.cpp" />
    <ClCompile Include="Src\Utility\SimpleCalculation.cpp" />
    <ClCompile Include="Src\UI\GameClearUI\GameClearUI.cpp" />
    <ClCompile Include="Src\ObjectBase\Character\EnemyBase\EnemyAI\Patrol\Turn.cpp" />
    <ClCompile Include="Src\ObjectBase\Character\EnemyBase\EnemyAI\Chase.cpp" />
    <ClCompile Include="Src\ObjectBase\Character\EnemyBase\EnemyAI\Return.cpp" />
    <ClCompile Include="Src\ObjectBase\Character\Player\PlayerEffect.cpp" />
    <ClCompile Include="Src\ObjectBase\Character\Player\State\PlayerWait.cpp" />
    <ClCompile Include="Src\ObjectBase\Character\Player\State\PlayerSprint.cpp" />
    <ClCompile Include="Src\ObjectBase\Character\Player\State\PlayerSquat.cpp" />
    <ClCompile Include="Src\ObjectBase\Character\Player\State\PlayerSquatWait.cpp" />
    <ClCompile Include="Src\ObjectBase\Character\Player\State\PlayerStandUp.cpp" />
    <ClCompile Include="Src\ObjectBase\Character\Player\State\PlayerSquatWalk.cpp" />
    <ClCompile Include="Src\ObjectBase\Character\Player\State\PlayerSquatScared.cpp" />
    <ClCompile Include="Src\ObjectBase\Character\Player\State\PlayerScared.cpp" />
    <ClCompile Include="Src\ObjectBase\MapObject\Vending_Machine\Vending_Machine.cpp" />
    <ClCompile Include="Src\NavigationAI\Node.cpp" />
    <ClCompile Include="Src\ObjectBase\Character\EnemyBase\EnemyAI\StateManager.cpp" />
    <ClCompile Include="Src\ObjectBase\Character\EnemyBase\EnemyAI\Thinking.cpp" />
    <ClCompile Include="Src\ObjectBase\MapObject\StreetLamp\StreetLamp.cpp" />
    <ClCompile Include="Src\Engine\Sound\SoundManager.cpp" />
    <ClCompile Include="Src\ObjectBase\Character\EnemyBase\EnemyAI\Patrol\Patrol.cpp" />
  </ItemGroup>
  <ItemGroup>
    <ClInclude Include="Src\Camera\Camera.h" />
    <ClInclude Include="Src\Engine\Fbx\FbxDrawer.h" />
    <ClInclude Include="Src\Engine\Fbx\FbxLoader.h" />
    <ClInclude Include="Src\Engine\Fbx\FbxManager.h" />
    <ClInclude Include="Src\Engine\Graphics\DirectGraphics.h" />
    <ClInclude Include="Src\Engine\Input\Controller\GameButton.h" />
    <ClInclude Include="Src\Engine\Input\Controller\GameController.h" />
    <ClInclude Include="Src\Engine\Input\InputManager.h" />
    <ClInclude Include="Src\Engine\Texture\Texture.h" />
    <ClInclude Include="Src\Engine\Window\Window.h" />
    <ClInclude Include="Src\Manager\ObjectManager.h" />
    <ClInclude Include="Src\ObjectBase\Character\Character.h" />
    <ClInclude Include="Src\ObjectBase\Character\EnemyBase\Ebiten\Ebiten.h" />
    <ClInclude Include="Src\ObjectBase\Character\EnemyBase\EnemyBase.h" />
    <ClInclude Include="Src\ObjectBase\Character\EnemyBase\Ikaten\Ikaten.h" />
    <ClInclude Include="Src\ObjectBase\Character\EnemyBase\Kabochaten\Kabochaten.h" />
    <ClInclude Include="Src\ObjectBase\Character\EnemyBase\Sitaketen\Sitaketen.h" />
    <ClInclude Include="Src\ObjectBase\Character\EnemyBase\Tikuwaten\Tikuwaten.h" />
    <ClInclude Include="Src\ObjectBase\Character\Player\Player.h" />
    <ClInclude Include="Src\ObjectBase\MapObject\Barrel\Barrel.h" />
    <ClInclude Include="Src\ObjectBase\MapObject\Floor\Floor.h" />
    <ClInclude Include="Src\ObjectBase\MapObject\Gate\Gate.h" />
    <ClInclude Include="Src\ObjectBase\MapObject\MapObject.h" />
    <ClInclude Include="Src\ObjectBase\MapObject\Merrygoland\Merrygoland.h" />
    <ClInclude Include="Src\ObjectBase\MapObject\Mountain\Mountain.h" />
    <ClInclude Include="Src\ObjectBase\MapObject\Skydome\Skydome.h" />
    <ClInclude Include="Src\ObjectBase\MapObject\Tent\Tent.h" />
    <ClInclude Include="Src\ObjectBase\MapObject\Wall\Wall.h" />
    <ClInclude Include="Src\ObjectBase\ObjectBase.h" />
    <ClInclude Include="Src\Utility\3DHelper.h" />
    <ClInclude Include="Src\Utility\SingletonTemplate.h" />
    <ClInclude Include="Src\Scene\ClearScene.h">
      <Filter>Scene</Filter>
    </ClInclude>
    <ClInclude Include="Src\Scene\ConfigScene.h">
      <Filter>Scene</Filter>
    </ClInclude>
    <ClInclude Include="Src\Scene\GameoverScene.h">
      <Filter>Scene</Filter>
    </ClInclude>
    <ClInclude Include="Src\Scene\GameScene.h">
      <Filter>Scene</Filter>
    </ClInclude>
    <ClInclude Include="Src\Scene\OpeningScene.h">
      <Filter>Scene</Filter>
    </ClInclude>
    <ClInclude Include="Src\Scene\PauseScene.h">
      <Filter>Scene</Filter>
    </ClInclude>
    <ClInclude Include="Src\Scene\Scene.h">
      <Filter>Scene</Filter>
    </ClInclude>
    <ClInclude Include="Src\Scene\SceneChanger.h">
      <Filter>Scene</Filter>
    </ClInclude>
    <ClInclude Include="Src\Scene\SceneDefinition.h">
      <Filter>Scene</Filter>
    </ClInclude>
    <ClInclude Include="Src\Scene\SceneManager.h">
      <Filter>Scene</Filter>
    </ClInclude>
    <ClInclude Include="Src\Scene\TitleScene.h">
      <Filter>Scene</Filter>
    </ClInclude>
    <ClInclude Include="Src\Engine\Fbx\FbxMotion.h" />
    <ClInclude Include="Src\Collision\Collision.h" />
    <ClInclude Include="Src\Collision\Shape\AABB.h" />
    <ClInclude Include="Src\Collision\Shape\Cylinder.h" />
    <ClInclude Include="Src\Collision\Shape\Shape.h" />
    <ClInclude Include="Src\Collision\Shape\Rect.h" />
    <ClInclude Include="Src\Collision\FlexibleCollision.h" />
    <ClInclude Include="Src\Engine\Font\Font.h" />
    <ClInclude Include="Src\Utility\2DHelper.h" />
    <ClInclude Include="Src\UI\UI.h" />
    <ClInclude Include="Src\UI\TitleUI\TitleUI.h" />
    <ClInclude Include="Src\Utility\SimpleCollision.h" />
    <ClInclude Include="Src\ExternalFle\Csv\Csv.h" />
    <ClInclude Include="Src\ObjectBase\MapObject\MapDataBank.h" />
    <ClInclude Include="Src\ObjectBase\MapObject\Tree\Tree.h" />
    <ClInclude Include="Src\ObjectBase\MapObject\Sapling_Small\SaplingSmall.h" />
    <ClInclude Include="Src\ObjectBase\MapObject\Sapling_Big\SaplingBig.h" />
    <ClInclude Include="Src\ObjectBase\MapObject\Ferris_Wheel\FerrisWheel.h" />
    <ClInclude Include="Src\ObjectBase\MapObject\Shrimp_Statue\ShrimpStatue.h" />
    <ClInclude Include="Src\UI\GameOverUI\GameOverUI.h" />
    <ClInclude Include="Src\UI\ConfigUI\ConfigUI.h" />
    <ClInclude Include="Src\UI\PauseUI\PauseUI.h" />
    <ClInclude Include="Src\Scene\DebugScene.h" />
    <ClInclude Include="Src\NavigationAI\NavigationAI.h" />
    <ClInclude Include="Src\NavigationAI\MovingPathCreater.h" />
    <ClInclude Include="Src\NavigationAI\MovingPathCreator.h" />
    <ClInclude Include="Src\Collision\Shape\Ray.h" />
    <ClInclude Include="Src\Utility\SimpleCalculation.h" />
    <ClInclude Include="Src\Manager\ConfigManager.h" />
    <ClInclude Include="Src\UI\GameClearUI\GameClearUI.h" />
    <ClInclude Include="Src\ObjectBase\Character\EnemyBase\EnemyAI\State.h" />
    <ClInclude Include="Src\ObjectBase\Character\EnemyBase\EnemyAI\Patrol\Turn.h" />
    <ClInclude Include="Src\ObjectBase\Character\EnemyBase\EnemyAI\Chase.h" />
    <ClInclude Include="Src\ObjectBase\Character\EnemyBase\EnemyAI\Return.h" />
    <ClInclude Include="Src\ObjectBase\Character\Player\PlayerEffect.h" />
    <ClInclude Include="Src\ObjectBase\Character\Player\State\PlayerStateBase.h" />
    <ClInclude Include="Src\ObjectBase\Character\Player\State\PlayerWait.h" />
    <ClInclude Include="Src\ObjectBase\Character\Player\State\PlayerSprint.h" />
    <ClInclude Include="Src\ObjectBase\Character\Player\State\PlayerSquat.h" />
    <ClInclude Include="Src\ObjectBase\Character\Player\State\PlayerSquatWait.h" />
    <ClInclude Include="Src\ObjectBase\Character\Player\State\PlayerStandUp.h" />
    <ClInclude Include="Src\ObjectBase\Character\Player\State\PlayerSquatWalk.h" />
    <ClInclude Include="Src\ObjectBase\Character\Player\State\PlayerSquatScared.h" />
    <ClInclude Include="Src\ObjectBase\Character\Player\State\PlayerScared.h" />
    <ClInclude Include="Src\ObjectBase\MapObject\Vending_Machine\Vending_Machine.h" />
    <ClInclude Include="Src\Utility\Singleton.h" />
    <ClInclude Include="Src\NavigationAI\Node.h" />
    <ClInclude Include="Src\ObjectBase\Character\EnemyBase\EnemyAI\StateManager.h" />
    <ClInclude Include="Src\ObjectBase\Character\EnemyBase\EnemyAI\Thinking.h" />
    <ClInclude Include="Src\ObjectBase\MapObject\StreetLamp\StreetLamp.h" />
    <ClInclude Include="Src\ObjectBase\Character\EnemyBase\EnemyAI\Attack.h" />
    <ClInclude Include="Src\Engine\Sound\SoundManager.h" />
    <ClInclude Include="Src\ObjectBase\Character\EnemyBase\EnemyAI\Patrol\Patrol.h" />
  </ItemGroup>
  <ItemGroup>
    <Filter Include="Scene">
      <UniqueIdentifier>{0c445dac-2d3a-4e8c-829c-c875627e46de}</UniqueIdentifier>
    </Filter>
  </ItemGroup>
</Project>