<?xml version="1.0" encoding="utf-8"?>
<Project ToolsVersion="4.0" xmlns="http://schemas.microsoft.com/developer/msbuild/2003">
  <ItemGroup>
    <Filter Include="Src">
      <UniqueIdentifier>{2df5f066-3bb9-4ffd-b674-160019b77c8e}</UniqueIdentifier>
    </Filter>
    <Filter Include="Src\Engine">
      <UniqueIdentifier>{9fd15e02-e8e9-4501-be68-235bad7f2615}</UniqueIdentifier>
    </Filter>
    <Filter Include="Src\Utility">
      <UniqueIdentifier>{49586527-928c-43cf-98b5-a9adcc3cc798}</UniqueIdentifier>
    </Filter>
    <Filter Include="Shader">
      <UniqueIdentifier>{499c75ef-600a-40d8-b1d2-ca35714c085e}</UniqueIdentifier>
    </Filter>
    <Filter Include="Src\Model">
      <UniqueIdentifier>{99845381-0a1c-42c0-bba7-09a699e6488c}</UniqueIdentifier>
    </Filter>
    <Filter Include="Src\ObjectManager">
      <UniqueIdentifier>{b7615539-7465-40f9-89ef-3c2bd1f8bc98}</UniqueIdentifier>
    </Filter>
    <Filter Include="Src\Engine\Texure">
      <UniqueIdentifier>{a8ffd892-c2dc-48c4-9e3d-83e69492933e}</UniqueIdentifier>
    </Filter>
    <Filter Include="Src\Objects">
      <UniqueIdentifier>{b3bceb11-2b4d-486a-ab7c-238523a955b3}</UniqueIdentifier>
    </Filter>
    <Filter Include="Src\Objects\Player">
      <UniqueIdentifier>{fc6c36c8-1ac1-49a3-84f8-0acaecec936b}</UniqueIdentifier>
    </Filter>
    <Filter Include="Src\Objects\Enemy">
      <UniqueIdentifier>{151f8c42-b60f-4e25-be08-98bf998f9d53}</UniqueIdentifier>
    </Filter>
    <Filter Include="Src\Objects\Stage">
      <UniqueIdentifier>{f11e41f6-5db3-4d87-9841-366fd005bdea}</UniqueIdentifier>
    </Filter>
    <Filter Include="Src\Objects\Camera">
      <UniqueIdentifier>{2edfc950-cfec-4cdf-976e-78dfb87b47cb}</UniqueIdentifier>
    </Filter>
    <Filter Include="Src\CollisionManager">
      <UniqueIdentifier>{e9950e62-4478-4f0f-a016-c6e01c2f506b}</UniqueIdentifier>
    </Filter>
    <Filter Include="Src\Objects\Enemy\EnemyState">
      <UniqueIdentifier>{346b8d20-d3ac-4023-9f5a-30ed69db64d5}</UniqueIdentifier>
    </Filter>
    <Filter Include="Src\CollisionManager\Shape">
      <UniqueIdentifier>{2d4ad288-ba7e-4747-b7c0-cdc58a08deaf}</UniqueIdentifier>
    </Filter>
    <Filter Include="Src\CollisionManager\Shape\2D">
      <UniqueIdentifier>{2fbe2ea4-01bc-4f6b-b730-896b0c7f6c2d}</UniqueIdentifier>
    </Filter>
    <Filter Include="Src\CollisionManager\Shape\3D">
      <UniqueIdentifier>{19044c24-90cb-425f-900e-ed629e8165d7}</UniqueIdentifier>
    </Filter>
    <Filter Include="Src\CollisionManager\Shape\3D\OBB">
      <UniqueIdentifier>{0a9fcca2-0b2d-45ce-909d-461fb9d8b5e1}</UniqueIdentifier>
    </Filter>
    <Filter Include="Src\CollisionManager\Shape\2D\Rect">
      <UniqueIdentifier>{746ea8e6-16d8-434f-b129-afba551245e8}</UniqueIdentifier>
    </Filter>
    <Filter Include="Src\Objects\Player\PlayerState">
      <UniqueIdentifier>{cd09f7ed-5e65-4dc9-b293-c3852116fe65}</UniqueIdentifier>
    </Filter>
    <Filter Include="Src\Engine\Window">
      <UniqueIdentifier>{d76a18ee-02a5-49d2-b60f-9338ca04b44d}</UniqueIdentifier>
    </Filter>
    <Filter Include="Src\Engine\Graphics">
      <UniqueIdentifier>{2880c9da-d898-42ba-bd88-ae60fffb70e1}</UniqueIdentifier>
    </Filter>
    <Filter Include="Src\Engine\Input">
      <UniqueIdentifier>{67941d23-64ae-485f-aeb7-8123dc6be549}</UniqueIdentifier>
    </Filter>
    <Filter Include="Src\Engine\Sound">
      <UniqueIdentifier>{91577946-d069-41ff-97ad-4cd14cdee8dd}</UniqueIdentifier>
    </Filter>
    <Filter Include="Src\Engine\Model">
      <UniqueIdentifier>{3fc25859-5d98-4054-88a1-a103429969d1}</UniqueIdentifier>
    </Filter>
    <Filter Include="Src\Engine\Model\FbxModel">
      <UniqueIdentifier>{017929e4-5d48-4987-b684-ac93e4d46cf3}</UniqueIdentifier>
    </Filter>
    <Filter Include="Src\Engine\Model\ObjModel">
      <UniqueIdentifier>{9c3603d8-9866-4644-ad1d-aab876c921db}</UniqueIdentifier>
    </Filter>
    <Filter Include="Src\Scene">
      <UniqueIdentifier>{53f2f284-ea99-4273-bf92-e2ca2340ea86}</UniqueIdentifier>
    </Filter>
    <Filter Include="Src\Objects\2DObject">
      <UniqueIdentifier>{5b679473-797e-4d3f-bd99-dc083cd7ef52}</UniqueIdentifier>
    </Filter>
    <Filter Include="Src\GameManager">
      <UniqueIdentifier>{6ffc4e15-9d83-402b-a6e8-1e4543e2a1c9}</UniqueIdentifier>
    </Filter>
    <Filter Include="Src\Objects\Sprite">
      <UniqueIdentifier>{6910a26d-07bb-40dd-b4b8-2b0a42708840}</UniqueIdentifier>
    </Filter>
  </ItemGroup>
  <ItemGroup>
    <ClCompile Include="Src\Main.cpp">
      <Filter>Src</Filter>
    </ClCompile>
    <ClCompile Include="Src\Utility\Utility.cpp">
      <Filter>Src\Utility</Filter>
    </ClCompile>
    <ClCompile Include="Src\Scene\SceneManager.cpp">
      <Filter>Src\Scene</Filter>
    </ClCompile>
    <ClCompile Include="Src\Scene\TitleScene.cpp">
      <Filter>Src\Scene</Filter>
    </ClCompile>
    <ClCompile Include="Src\Scene\ClearScene.cpp">
      <Filter>Src\Scene</Filter>
    </ClCompile>
    <ClCompile Include="Src\Scene\GameoverScene.cpp">
      <Filter>Src\Scene</Filter>
    </ClCompile>
    <ClCompile Include="Src\Scene\GameScene.cpp">
      <Filter>Src\Scene</Filter>
    </ClCompile>
    <ClCompile Include="Src\Model\FbxStorage.cpp">
      <Filter>Src\Model</Filter>
    </ClCompile>
    <ClCompile Include="Src\ObjectManager\Object2D.cpp">
      <Filter>Src\ObjectManager</Filter>
    </ClCompile>
    <ClCompile Include="Src\ObjectManager\Object3D.cpp">
      <Filter>Src\ObjectManager</Filter>
    </ClCompile>
    <ClCompile Include="Src\ObjectManager\GameObject.cpp">
      <Filter>Src\ObjectManager</Filter>
    </ClCompile>
    <ClCompile Include="Src\Objects\Player\Player.cpp">
      <Filter>Src\Objects\Player</Filter>
    </ClCompile>
    <ClCompile Include="Src\ObjectManager\ObjectManager.cpp">
      <Filter>Src\ObjectManager</Filter>
    </ClCompile>
    <ClCompile Include="Src\Utility\Calculation.cpp">
      <Filter>Src\Utility</Filter>
    </ClCompile>
    <ClCompile Include="Src\Objects\Stage\Stage.cpp">
      <Filter>Src\Objects\Stage</Filter>
    </ClCompile>
    <ClCompile Include="Src\Model\ObjFileStrage.cpp">
      <Filter>Src\Model</Filter>
    </ClCompile>
    <ClCompile Include="Src\Objects\Camera\Camera.cpp">
      <Filter>Src\Objects\Camera</Filter>
    </ClCompile>
    <ClCompile Include="Src\Objects\Camera\FollowCamera.cpp">
      <Filter>Src\Objects\Camera</Filter>
    </ClCompile>
    <ClCompile Include="Src\Objects\Enemy\Enemy.cpp">
      <Filter>Src\Objects\Enemy</Filter>
    </ClCompile>
    <ClCompile Include="Src\CollisionManager\CollisionManager.cpp">
      <Filter>Src\CollisionManager</Filter>
    </ClCompile>
    <ClCompile Include="Src\Objects\Enemy\EnemyState\EnemyHitState.cpp">
      <Filter>Src\Objects\Enemy\EnemyState</Filter>
    </ClCompile>
    <ClCompile Include="Src\Objects\Enemy\EnemyState\EnemyIdleState.cpp">
      <Filter>Src\Objects\Enemy\EnemyState</Filter>
    </ClCompile>
    <ClCompile Include="Src\Objects\Enemy\EnemyState\EnemyDeathState.cpp">
      <Filter>Src\Objects\Enemy\EnemyState</Filter>
    </ClCompile>
    <ClCompile Include="Src\Model\SkeletalModel.cpp">
      <Filter>Src\Model</Filter>
    </ClCompile>
    <ClCompile Include="Src\CollisionManager\Shape\2D\Rect\Rect.cpp">
      <Filter>Src\CollisionManager\Shape\2D\Rect</Filter>
    </ClCompile>
    <ClCompile Include="Src\CollisionManager\Shape\3D\OBB\ShapeOBB.cpp">
      <Filter>Src\CollisionManager\Shape\3D\OBB</Filter>
    </ClCompile>
    <ClCompile Include="Src\Objects\Player\PlayerState\PlayerRunState.cpp">
      <Filter>Src\Objects\Player\PlayerState</Filter>
    </ClCompile>
    <ClCompile Include="Src\Objects\Player\PlayerState\PlayerIdleState.cpp">
      <Filter>Src\Objects\Player\PlayerState</Filter>
    </ClCompile>
    <ClCompile Include="Src\Objects\Player\PlayerState\PlayerAttack02State.cpp">
      <Filter>Src\Objects\Player\PlayerState</Filter>
    </ClCompile>
    <ClCompile Include="Src\Objects\Player\PlayerState\PlayerAttack01State.cpp">
      <Filter>Src\Objects\Player\PlayerState</Filter>
    </ClCompile>
    <ClCompile Include="Src\Engine\Engine.cpp">
      <Filter>Src\Engine</Filter>
    </ClCompile>
    <ClCompile Include="Src\Engine\Texture\TextureManager.cpp">
      <Filter>Src\Engine\Texure</Filter>
    </ClCompile>
    <ClCompile Include="Src\Engine\Graphics\ShaderBase.cpp">
      <Filter>Src\Engine\Graphics</Filter>
    </ClCompile>
    <ClCompile Include="Src\Engine\Graphics\VertexShader.cpp">
      <Filter>Src\Engine\Graphics</Filter>
    </ClCompile>
    <ClCompile Include="Src\Engine\Graphics\DirectGraphics.cpp">
      <Filter>Src\Engine\Graphics</Filter>
    </ClCompile>
    <ClCompile Include="Src\Engine\Graphics\PixelShader.cpp">
      <Filter>Src\Engine\Graphics</Filter>
    </ClCompile>
    <ClCompile Include="Src\Engine\Input\InputManager.cpp">
      <Filter>Src\Engine\Input</Filter>
    </ClCompile>
    <ClCompile Include="Src\Engine\Sound\SoundManager.cpp">
      <Filter>Src\Engine\Sound</Filter>
    </ClCompile>
    <ClCompile Include="Src\Engine\Window\Window.cpp">
      <Filter>Src\Engine\Window</Filter>
    </ClCompile>
    <ClCompile Include="Src\Engine\Model\Model.cpp">
      <Filter>Src\Engine\Model</Filter>
    </ClCompile>
    <ClCompile Include="Src\Engine\Model\ObjModel\ObjModel.cpp">
      <Filter>Src\Engine\Model\ObjModel</Filter>
    </ClCompile>
    <ClCompile Include="Src\Engine\Model\FbxModel\FbxModel.cpp">
      <Filter>Src\Engine\Model\FbxModel</Filter>
    </ClCompile>
    <ClCompile Include="Src\Objects\2DObject\Button.cpp">
      <Filter>Src\Objects\2DObject</Filter>
    </ClCompile>
    <ClCompile Include="Src\Objects\2DObject\BackGround.cpp">
      <Filter>Src\Objects\2DObject</Filter>
    </ClCompile>
    <ClCompile Include="Src\GameManager\GameManager.cpp">
      <Filter>Src\GameManager</Filter>
    </ClCompile>
    <ClCompile Include="Src\Objects\Enemy\EnemyManager.cpp">
      <Filter>Src\Objects\Enemy</Filter>
    </ClCompile>
    <ClCompile Include="Src\Scene\DebugScene.cpp">
      <Filter>Src\Scene</Filter>
    </ClCompile>
    <ClCompile Include="Src\Objects\Player\PlayerState\PlayerHitState.cpp">
      <Filter>Src\Objects\Player\PlayerState</Filter>
    </ClCompile>
    <ClCompile Include="Src\ObjectManager\ShadowMapObject.cpp">
      <Filter>Src\ObjectManager</Filter>
    </ClCompile>
    <ClCompile Include="Src\Scene\ControlScene.cpp">
      <Filter>Src\Scene</Filter>
    </ClCompile>
    <ClCompile Include="Src\Utility\GraphicsUtility.cpp">
      <Filter>Src\Utility</Filter>
    </ClCompile>
    <ClCompile Include="Src\Objects\Sprite\Sprite.cpp">
      <Filter>Src\Objects\Sprite</Filter>
    </ClCompile>
    <ClCompile Include="Src\Engine\Graphics\RenderTarget.cpp">
      <Filter>Src\Engine\Graphics</Filter>
    </ClCompile>
  </ItemGroup>
  <ItemGroup>
    <ClInclude Include="Src\Utility\GraphicsUtility.h">
      <Filter>Src\Utility</Filter>
    </ClInclude>
    <ClInclude Include="Src\Utility\Utility.h">
      <Filter>Src\Utility</Filter>
    </ClInclude>
    <ClInclude Include="Src\Scene\SceneChanger.h">
      <Filter>Src\Scene</Filter>
    </ClInclude>
    <ClInclude Include="Src\Scene\SceneDefinition.h">
      <Filter>Src\Scene</Filter>
    </ClInclude>
    <ClInclude Include="Src\Scene\SceneManager.h">
      <Filter>Src\Scene</Filter>
    </ClInclude>
    <ClInclude Include="Src\Scene\TitleScene.h">
      <Filter>Src\Scene</Filter>
    </ClInclude>
    <ClInclude Include="Src\Scene\ClearScene.h">
      <Filter>Src\Scene</Filter>
    </ClInclude>
    <ClInclude Include="Src\Scene\GameoverScene.h">
      <Filter>Src\Scene</Filter>
    </ClInclude>
    <ClInclude Include="Src\Scene\GameScene.h">
      <Filter>Src\Scene</Filter>
    </ClInclude>
    <ClInclude Include="Src\Scene\Scene.h">
      <Filter>Src\Scene</Filter>
    </ClInclude>
    <ClInclude Include="Src\Model\FbxStorage.h">
      <Filter>Src\Model</Filter>
    </ClInclude>
    <ClInclude Include="Src\ObjectManager\ObjectBase.h">
      <Filter>Src\ObjectManager</Filter>
    </ClInclude>
    <ClInclude Include="Src\ObjectManager\Object2D.h">
      <Filter>Src\ObjectManager</Filter>
    </ClInclude>
    <ClInclude Include="Src\ObjectManager\Object3D.h">
      <Filter>Src\ObjectManager</Filter>
    </ClInclude>
    <ClInclude Include="Src\ObjectManager\GameObject.h">
      <Filter>Src\ObjectManager</Filter>
    </ClInclude>
    <ClInclude Include="Src\Objects\Player\Player.h">
      <Filter>Src\Objects\Player</Filter>
    </ClInclude>
    <ClInclude Include="Src\ObjectManager\ObjectManager.h">
      <Filter>Src\ObjectManager</Filter>
    </ClInclude>
    <ClInclude Include="Src\Utility\Calculation.h">
      <Filter>Src\Utility</Filter>
    </ClInclude>
    <ClInclude Include="Src\Objects\Stage\Stage.h">
      <Filter>Src\Objects\Stage</Filter>
    </ClInclude>
    <ClInclude Include="Src\Model\ObjFileStrage.h">
      <Filter>Src\Model</Filter>
    </ClInclude>
    <ClInclude Include="Src\Utility\Vec2I.h">
      <Filter>Src\Utility</Filter>
    </ClInclude>
    <ClInclude Include="Src\Objects\Camera\Camera.h">
      <Filter>Src\Objects\Camera</Filter>
    </ClInclude>
    <ClInclude Include="Src\Objects\Camera\FollowCamera.h">
      <Filter>Src\Objects\Camera</Filter>
    </ClInclude>
    <ClInclude Include="Src\Objects\Enemy\Enemy.h">
      <Filter>Src\Objects\Enemy</Filter>
    </ClInclude>
    <ClInclude Include="Src\CollisionManager\CollisionManager.h">
      <Filter>Src\CollisionManager</Filter>
    </ClInclude>
    <ClInclude Include="Src\Objects\Enemy\EnemyState\EnemyState.h">
      <Filter>Src\Objects\Enemy\EnemyState</Filter>
    </ClInclude>
    <ClInclude Include="Src\Objects\Enemy\EnemyState\EnemyIdleState.h">
      <Filter>Src\Objects\Enemy\EnemyState</Filter>
    </ClInclude>
    <ClInclude Include="Src\Objects\Enemy\EnemyState\EnemyHitState.h">
      <Filter>Src\Objects\Enemy\EnemyState</Filter>
    </ClInclude>
    <ClInclude Include="Src\Objects\Enemy\EnemyState\EnemyDeathState.h">
      <Filter>Src\Objects\Enemy\EnemyState</Filter>
    </ClInclude>
    <ClInclude Include="Src\Model\SkeletalModel.h">
      <Filter>Src\Model</Filter>
    </ClInclude>
    <ClInclude Include="Src\CollisionManager\Shape\3D\Shape3D.h">
      <Filter>Src\CollisionManager\Shape\3D</Filter>
    </ClInclude>
    <ClInclude Include="Src\CollisionManager\Shape\3D\OBB\ShapeOBB.h">
      <Filter>Src\CollisionManager\Shape\3D\OBB</Filter>
    </ClInclude>
    <ClInclude Include="Src\CollisionManager\Shape\2D\Rect\Rect.h">
      <Filter>Src\CollisionManager\Shape\2D\Rect</Filter>
    </ClInclude>
    <ClInclude Include="Src\Objects\Player\PlayerState\PlayerState.h">
      <Filter>Src\Objects\Player\PlayerState</Filter>
    </ClInclude>
    <ClInclude Include="Src\Objects\Player\PlayerState\PlayerRunState.h">
      <Filter>Src\Objects\Player\PlayerState</Filter>
    </ClInclude>
    <ClInclude Include="Src\Objects\Player\PlayerState\PlayerIdleState.h">
      <Filter>Src\Objects\Player\PlayerState</Filter>
    </ClInclude>
    <ClInclude Include="Src\Objects\Player\PlayerState\PlayerAttack02State.h">
      <Filter>Src\Objects\Player\PlayerState</Filter>
    </ClInclude>
    <ClInclude Include="Src\Objects\Player\PlayerState\PlayerAttack01State.h">
      <Filter>Src\Objects\Player\PlayerState</Filter>
    </ClInclude>
    <ClInclude Include="Src\Engine\Engine.h">
      <Filter>Src\Engine</Filter>
    </ClInclude>
    <ClInclude Include="Src\Engine\Texture\TextureManager.h">
      <Filter>Src\Engine\Texure</Filter>
    </ClInclude>
    <ClInclude Include="Src\Engine\Graphics\ShaderBase.h">
      <Filter>Src\Engine\Graphics</Filter>
    </ClInclude>
    <ClInclude Include="Src\Engine\Graphics\VertexShader.h">
      <Filter>Src\Engine\Graphics</Filter>
    </ClInclude>
    <ClInclude Include="Src\Engine\Graphics\DirectGraphics.h">
      <Filter>Src\Engine\Graphics</Filter>
    </ClInclude>
    <ClInclude Include="Src\Engine\Graphics\PixelShader.h">
      <Filter>Src\Engine\Graphics</Filter>
    </ClInclude>
    <ClInclude Include="Src\Engine\Sound\SoundManager.h">
      <Filter>Src\Engine\Sound</Filter>
    </ClInclude>
    <ClInclude Include="Src\Engine\Window\Window.h">
      <Filter>Src\Engine\Window</Filter>
    </ClInclude>
    <ClInclude Include="Src\Engine\Model\Model.h">
      <Filter>Src\Engine\Model</Filter>
    </ClInclude>
    <ClInclude Include="Src\Engine\Model\ObjModel\ObjModel.h">
      <Filter>Src\Engine\Model\ObjModel</Filter>
    </ClInclude>
    <ClInclude Include="Src\Engine\Model\FbxModel\FbxModel.h">
      <Filter>Src\Engine\Model\FbxModel</Filter>
    </ClInclude>
    <ClInclude Include="Src\Objects\2DObject\Button.h">
      <Filter>Src\Objects\2DObject</Filter>
    </ClInclude>
    <ClInclude Include="Src\Objects\2DObject\BackGround.h">
      <Filter>Src\Objects\2DObject</Filter>
    </ClInclude>
    <ClInclude Include="Src\GameManager\GameManager.h">
      <Filter>Src\GameManager</Filter>
    </ClInclude>
    <ClInclude Include="Src\Objects\Enemy\EnemyManager.h">
      <Filter>Src\Objects\Enemy</Filter>
    </ClInclude>
    <ClInclude Include="Src\Scene\DebugScene.h">
      <Filter>Src\Scene</Filter>
    </ClInclude>
    <ClInclude Include="Src\Objects\Player\PlayerState\PlayerHitState.h">
      <Filter>Src\Objects\Player\PlayerState</Filter>
    </ClInclude>
    <ClInclude Include="Src\ObjectManager\ShadowMapObject.h">
      <Filter>Src\ObjectManager</Filter>
    </ClInclude>
    <ClInclude Include="Src\Scene\ControlScene.h">
      <Filter>Src\Scene</Filter>
    </ClInclude>
    <ClInclude Include="Src\Objects\Sprite\Sprite.h">
      <Filter>Src\Objects\Sprite</Filter>
    </ClInclude>
    <ClInclude Include="Src\Engine\Graphics\RenderTarget.h">
      <Filter>Src\Engine\Graphics</Filter>
    </ClInclude>
    <ClInclude Include="Src\Engine\Input\InputManager.h">
      <Filter>Src\Engine\Input</Filter>
    </ClInclude>
  </ItemGroup>
  <ItemGroup>
    <FxCompile Include="Shader\VertexShader.hlsl">
      <Filter>Shader</Filter>
    </FxCompile>
    <FxCompile Include="Shader\PixelShader.hlsl">
      <Filter>Shader</Filter>
    </FxCompile>
    <FxCompile Include="Shader\SimpleVertexShader.hlsl">
      <Filter>Shader</Filter>
    </FxCompile>
    <FxCompile Include="Shader\Tex2DPixelShader.hlsl">
      <Filter>Shader</Filter>
    </FxCompile>
    <FxCompile Include="Shader\Tex2DVertexShader.hlsl">
      <Filter>Shader</Filter>
    </FxCompile>
    <FxCompile Include="Shader\DepthPixelShader.hlsl">
      <Filter>Shader</Filter>
    </FxCompile>
    <FxCompile Include="Shader\DepthVertexShader.hlsl">
      <Filter>Shader</Filter>
    </FxCompile>
    <FxCompile Include="Shader\DpthSkinningVertexShader.hlsl">
      <Filter>Shader</Filter>
    </FxCompile>
    <FxCompile Include="Shader\NormalMapPS.hlsl">
      <Filter>Shader</Filter>
    </FxCompile>
    <FxCompile Include="Shader\GroundPS.hlsl">
      <Filter>Shader</Filter>
    </FxCompile>
    <FxCompile Include="Shader\BlurPS.hlsl">
      <Filter>Shader</Filter>
    </FxCompile>
  </ItemGroup>
</Project>