<?xml version="1.0" encoding="utf-8"?>
<Project ToolsVersion="4.0" xmlns="http://schemas.microsoft.com/developer/msbuild/2003">
  <ItemGroup>
    <Filter Include="ソース ファイル">
      <UniqueIdentifier>{4FC737F1-C7A5-4376-A066-2A32D752A2FF}</UniqueIdentifier>
      <Extensions>cpp;c;cc;cxx;c++;cppm;ixx;def;odl;idl;hpj;bat;asm;asmx</Extensions>
    </Filter>
    <Filter Include="ヘッダー ファイル">
      <UniqueIdentifier>{93995380-89BD-4b04-88EB-625FBE52EBFB}</UniqueIdentifier>
      <Extensions>h;hh;hpp;hxx;h++;hm;inl;inc;ipp;xsd</Extensions>
    </Filter>
    <Filter Include="リソース ファイル">
      <UniqueIdentifier>{67DA6AB6-F800-4c08-8B7A-83BB121AAD01}</UniqueIdentifier>
      <Extensions>rc;ico;cur;bmp;dlg;rc2;rct;bin;rgs;gif;jpg;jpeg;jpe;resx;tiff;tif;png;wav;mfcribbon-ms</Extensions>
    </Filter>
    <Filter Include="Src">
      <UniqueIdentifier>{2df5f066-3bb9-4ffd-b674-160019b77c8e}</UniqueIdentifier>
    </Filter>
    <Filter Include="Src\Engine">
      <UniqueIdentifier>{9fd15e02-e8e9-4501-be68-235bad7f2615}</UniqueIdentifier>
    </Filter>
    <Filter Include="Src\Utility">
      <UniqueIdentifier>{49586527-928c-43cf-98b5-a9adcc3cc798}</UniqueIdentifier>
    </Filter>
    <Filter Include="Shader">
      <UniqueIdentifier>{499c75ef-600a-40d8-b1d2-ca35714c085e}</UniqueIdentifier>
    </Filter>
    <Filter Include="Src\Engine\FbxModel">
      <UniqueIdentifier>{ea777420-ee77-4544-99f9-ab2691928e80}</UniqueIdentifier>
    </Filter>
    <Filter Include="Src\Engine\ObjModel">
      <UniqueIdentifier>{caa2cb48-e79f-4f1f-a929-16095ee961f1}</UniqueIdentifier>
    </Filter>
    <Filter Include="Src\Model">
      <UniqueIdentifier>{99845381-0a1c-42c0-bba7-09a699e6488c}</UniqueIdentifier>
    </Filter>
    <Filter Include="Src\Scene">
      <UniqueIdentifier>{53f2f284-ea99-4273-bf92-e2ca2340ea86}</UniqueIdentifier>
    </Filter>
    <Filter Include="Src\ObjectManager">
      <UniqueIdentifier>{b7615539-7465-40f9-89ef-3c2bd1f8bc98}</UniqueIdentifier>
    </Filter>
    <Filter Include="Src\Image">
      <UniqueIdentifier>{39234c34-56c2-4ce6-b296-1e7decb55f37}</UniqueIdentifier>
    </Filter>
    <Filter Include="Src\Engine\Texure">
      <UniqueIdentifier>{a8ffd892-c2dc-48c4-9e3d-83e69492933e}</UniqueIdentifier>
    </Filter>
    <Filter Include="Src\Objects">
      <UniqueIdentifier>{b3bceb11-2b4d-486a-ab7c-238523a955b3}</UniqueIdentifier>
    </Filter>
    <Filter Include="Src\Objects\Player">
      <UniqueIdentifier>{fc6c36c8-1ac1-49a3-84f8-0acaecec936b}</UniqueIdentifier>
    </Filter>
    <Filter Include="Src\2DObject">
      <UniqueIdentifier>{4cd5025e-842b-4d00-88b9-b03e5e3b2bbf}</UniqueIdentifier>
    </Filter>
    <Filter Include="Src\2DObject\Title">
      <UniqueIdentifier>{78cd9830-7e17-426c-8b01-3ae26a9abde8}</UniqueIdentifier>
    </Filter>
    <Filter Include="Src\2DObject\Game">
      <UniqueIdentifier>{4b49f84e-2b80-45b9-a6a0-18331fab46e2}</UniqueIdentifier>
    </Filter>
    <Filter Include="Src\ObjectManager\UI">
      <UniqueIdentifier>{ff2a9297-7187-4bec-a747-7b1eca4ee68f}</UniqueIdentifier>
    </Filter>
    <Filter Include="Src\Shape">
      <UniqueIdentifier>{0c00453c-5d03-4eb1-b169-6c88e25cb9bb}</UniqueIdentifier>
    </Filter>
    <Filter Include="Src\Objects\Player\PlayerMotion">
      <UniqueIdentifier>{cd09f7ed-5e65-4dc9-b293-c3852116fe65}</UniqueIdentifier>
    </Filter>
  </ItemGroup>
  <ItemGroup>
    <ClCompile Include="Src\Main.cpp">
      <Filter>Src</Filter>
    </ClCompile>
    <ClCompile Include="Src\Engine\DirectGraphics.cpp">
      <Filter>Src\Engine</Filter>
    </ClCompile>
    <ClCompile Include="Src\Engine\InputManager.cpp">
      <Filter>Src\Engine</Filter>
    </ClCompile>
    <ClCompile Include="Src\Engine\PixelShader.cpp">
      <Filter>Src\Engine</Filter>
    </ClCompile>
    <ClCompile Include="Src\Engine\ShaderBase.cpp">
      <Filter>Src\Engine</Filter>
    </ClCompile>
    <ClCompile Include="Src\Engine\VertexShader.cpp">
      <Filter>Src\Engine</Filter>
    </ClCompile>
    <ClCompile Include="Src\Engine\Window.cpp">
      <Filter>Src\Engine</Filter>
    </ClCompile>
    <ClCompile Include="Src\Utility\Utility.cpp">
      <Filter>Src\Utility</Filter>
    </ClCompile>
    <ClCompile Include="Src\Engine\SoundManager.cpp">
      <Filter>Src\Engine</Filter>
    </ClCompile>
    <ClCompile Include="Src\Model\Model.cpp">
      <Filter>Src\Model</Filter>
    </ClCompile>
    <ClCompile Include="Src\Engine\MeshModel\FbxModel\FbxModel.cpp">
      <Filter>Src\Engine\FbxModel</Filter>
    </ClCompile>
    <ClCompile Include="Src\Engine\MeshModel\ObjModel\ObjModel.cpp">
      <Filter>Src\Engine\ObjModel</Filter>
    </ClCompile>
    <ClCompile Include="Src\Scene\SceneManager.cpp">
      <Filter>Src\Scene</Filter>
    </ClCompile>
    <ClCompile Include="Src\Scene\TitleScene.cpp">
      <Filter>Src\Scene</Filter>
    </ClCompile>
    <ClCompile Include="Src\Scene\ClearScene.cpp">
      <Filter>Src\Scene</Filter>
    </ClCompile>
    <ClCompile Include="Src\Scene\GameoverScene.cpp">
      <Filter>Src\Scene</Filter>
    </ClCompile>
    <ClCompile Include="Src\Scene\GameScene.cpp">
      <Filter>Src\Scene</Filter>
    </ClCompile>
    <ClCompile Include="Src\Model\FbxStorage.cpp">
      <Filter>Src\Model</Filter>
    </ClCompile>
    <ClCompile Include="Src\Sprite\Image.cpp">
      <Filter>Src\Image</Filter>
    </ClCompile>
    <ClCompile Include="Src\Engine\Texture\Texture.cpp">
      <Filter>Src\Engine\Texure</Filter>
    </ClCompile>
    <ClCompile Include="Src\ObjectManager\Object2D.cpp">
      <Filter>Src\ObjectManager</Filter>
    </ClCompile>
    <ClCompile Include="Src\ObjectManager\Object3D.cpp">
      <Filter>Src\ObjectManager</Filter>
    </ClCompile>
    <ClCompile Include="Src\ObjectManager\GameObject.cpp">
      <Filter>Src\ObjectManager</Filter>
    </ClCompile>
    <ClCompile Include="Src\Objects\Player\Player.cpp">
      <Filter>Src\Objects\Player</Filter>
    </ClCompile>
    <ClCompile Include="Src\2DObject\Title\TitleBackGround.cpp">
      <Filter>Src\2DObject\Title</Filter>
    </ClCompile>
    <ClCompile Include="Src\ObjectManager\ObjectManager.cpp">
      <Filter>Src\ObjectManager</Filter>
    </ClCompile>
    <ClCompile Include="Src\ObjectManager\UI\Button.cpp">
      <Filter>Src\ObjectManager\UI</Filter>
    </ClCompile>
    <ClCompile Include="Src\Utility\Calculation.cpp">
      <Filter>Src\Utility</Filter>
    </ClCompile>
    <ClCompile Include="Src\Shape\Shape.cpp">
      <Filter>Src\Shape</Filter>
    </ClCompile>
    <ClCompile Include="Src\Shape\Rect.cpp">
      <Filter>Src\Shape</Filter>
    </ClCompile>
    <ClCompile Include="Src\Objects\Player\PlayerMotion\IdleState.cpp">
      <Filter>Src\Objects\Player\PlayerMotion</Filter>
    </ClCompile>
    <ClCompile Include="Src\Objects\Player\PlayerMotion\Attack01State.cpp">
      <Filter>Src\Objects\Player\PlayerMotion</Filter>
    </ClCompile>
    <ClCompile Include="Src\Objects\Player\PlayerMotion\Attack02State.cpp">
      <Filter>Src\Objects\Player\PlayerMotion</Filter>
    </ClCompile>
    <ClCompile Include="Src\Objects\Player\PlayerMotion\RunState.cpp">
      <Filter>Src\Objects\Player\PlayerMotion</Filter>
    </ClCompile>
  </ItemGroup>
  <ItemGroup>
    <ClInclude Include="Src\Engine\DirectGraphics.h">
      <Filter>Src\Engine</Filter>
    </ClInclude>
    <ClInclude Include="Src\Engine\InputManager.h">
      <Filter>Src\Engine</Filter>
    </ClInclude>
    <ClInclude Include="Src\Engine\PixelShader.h">
      <Filter>Src\Engine</Filter>
    </ClInclude>
    <ClInclude Include="Src\Engine\ShaderBase.h">
      <Filter>Src\Engine</Filter>
    </ClInclude>
    <ClInclude Include="Src\Engine\VertexShader.h">
      <Filter>Src\Engine</Filter>
    </ClInclude>
    <ClInclude Include="Src\Engine\Window.h">
      <Filter>Src\Engine</Filter>
    </ClInclude>
    <ClInclude Include="Src\Utility\GraphicsUtility.h">
      <Filter>Src\Utility</Filter>
    </ClInclude>
    <ClInclude Include="Src\Utility\Utility.h">
      <Filter>Src\Utility</Filter>
    </ClInclude>
    <ClInclude Include="Src\Engine\SoundManager.h">
      <Filter>Src\Engine</Filter>
    </ClInclude>
    <ClInclude Include="Src\Model\Model.h">
      <Filter>Src\Model</Filter>
    </ClInclude>
    <ClInclude Include="Src\Engine\MeshModel\FbxModel\FbxModel.h">
      <Filter>Src\Engine\FbxModel</Filter>
    </ClInclude>
    <ClInclude Include="Src\Engine\MeshModel\ObjModel\ObjModel.h">
      <Filter>Src\Engine\ObjModel</Filter>
    </ClInclude>
    <ClInclude Include="Src\Scene\SceneChanger.h">
      <Filter>Src\Scene</Filter>
    </ClInclude>
    <ClInclude Include="Src\Scene\SceneDefinition.h">
      <Filter>Src\Scene</Filter>
    </ClInclude>
    <ClInclude Include="Src\Scene\SceneManager.h">
      <Filter>Src\Scene</Filter>
    </ClInclude>
    <ClInclude Include="Src\Scene\TitleScene.h">
      <Filter>Src\Scene</Filter>
    </ClInclude>
    <ClInclude Include="Src\Scene\ClearScene.h">
      <Filter>Src\Scene</Filter>
    </ClInclude>
    <ClInclude Include="Src\Scene\GameoverScene.h">
      <Filter>Src\Scene</Filter>
    </ClInclude>
    <ClInclude Include="Src\Scene\GameScene.h">
      <Filter>Src\Scene</Filter>
    </ClInclude>
    <ClInclude Include="Src\Scene\Scene.h">
      <Filter>Src\Scene</Filter>
    </ClInclude>
    <ClInclude Include="Src\Model\FbxStorage.h">
      <Filter>Src\Model</Filter>
    </ClInclude>
    <ClInclude Include="Src\ObjectManager\ObjectBase.h">
      <Filter>Src\ObjectManager</Filter>
    </ClInclude>
    <ClInclude Include="Src\Sprite\Image.h">
      <Filter>Src\Image</Filter>
    </ClInclude>
    <ClInclude Include="Src\Engine\Texture\Texture.h">
      <Filter>Src\Engine\Texure</Filter>
    </ClInclude>
    <ClInclude Include="Src\ObjectManager\Object2D.h">
      <Filter>Src\ObjectManager</Filter>
    </ClInclude>
    <ClInclude Include="Src\ObjectManager\Object3D.h">
      <Filter>Src\ObjectManager</Filter>
    </ClInclude>
    <ClInclude Include="Src\ObjectManager\GameObject.h">
      <Filter>Src\ObjectManager</Filter>
    </ClInclude>
    <ClInclude Include="Src\Objects\Player\Player.h">
      <Filter>Src\Objects\Player</Filter>
    </ClInclude>
    <ClInclude Include="Src\2DObject\Title\TitleBackGround.h">
      <Filter>Src\2DObject\Title</Filter>
    </ClInclude>
    <ClInclude Include="Src\ObjectManager\ObjectManager.h">
      <Filter>Src\ObjectManager</Filter>
    </ClInclude>
    <ClInclude Include="Src\ObjectManager\UI\Button.h">
      <Filter>Src\ObjectManager\UI</Filter>
    </ClInclude>
    <ClInclude Include="Src\Utility\Calculation.h">
      <Filter>Src\Utility</Filter>
    </ClInclude>
    <ClInclude Include="Src\Shape\Shape.h">
      <Filter>Src\Shape</Filter>
    </ClInclude>
    <ClInclude Include="Src\Shape\Rect.h">
      <Filter>Src\Shape</Filter>
    </ClInclude>
    <ClInclude Include="Src\Objects\Player\PlayerMotion\PlayerState.h">
      <Filter>Src\Objects\Player\PlayerMotion</Filter>
    </ClInclude>
    <ClInclude Include="Src\Objects\Player\PlayerMotion\IdleState.h">
      <Filter>Src\Objects\Player\PlayerMotion</Filter>
    </ClInclude>
    <ClInclude Include="Src\Objects\Player\PlayerMotion\Attack01State.h">
      <Filter>Src\Objects\Player\PlayerMotion</Filter>
    </ClInclude>
    <ClInclude Include="Src\Objects\Player\PlayerMotion\Attack02State.h">
      <Filter>Src\Objects\Player\PlayerMotion</Filter>
    </ClInclude>
    <ClInclude Include="Src\Objects\Player\PlayerMotion\RunState.h">
      <Filter>Src\Objects\Player\PlayerMotion</Filter>
    </ClInclude>
  </ItemGroup>
  <ItemGroup>
    <FxCompile Include="Shader\VertexShader.hlsl">
      <Filter>Shader</Filter>
    </FxCompile>
    <FxCompile Include="Shader\PixelShader.hlsl">
      <Filter>Shader</Filter>
    </FxCompile>
    <FxCompile Include="Shader\SimpleVertexShader.hlsl">
      <Filter>Shader</Filter>
    </FxCompile>
    <FxCompile Include="Shader\SimplePixelShader.hlsl">
      <Filter>Shader</Filter>
    </FxCompile>
    <FxCompile Include="Shader\Tex2DPixelShader.hlsl">
      <Filter>Shader</Filter>
    </FxCompile>
    <FxCompile Include="Shader\Tex2DVertexShader.hlsl">
      <Filter>Shader</Filter>
    </FxCompile>
  </ItemGroup>
</Project>